
Microsoft Visual Studio Solution File, Format Version 12.00
# Visual Studio Version 17
VisualStudioVersion = 17.11.35312.102
MinimumVisualStudioVersion = 10.0.40219.1
Project("{FAE04EC0-301F-11D3-BF4B-00C04F79EFBC}") = "lab2", "lab2\lab2.csproj", "{147EE7C9-7D3C-4CE4-8166-B1B9CF6319AB}"
EndProject
Project("{FAE04EC0-301F-11D3-BF4B-00C04F79EFBC}") = "XmlProcessingStrategy", "XmlProcessingStrategy\XmlProcessingStrategy.csproj", "{F061E993-33B6-4583-9212-09D106773AC3}"
EndProject
Global
	GlobalSection(SolutionConfigurationPlatforms) = preSolution
		Debug|Any CPU = Debug|Any CPU
		Release|Any CPU = Release|Any CPU
	EndGlobalSection
	GlobalSection(ProjectConfigurationPlatforms) = postSolution
		{147EE7C9-7D3C-4CE4-8166-B1B9CF6319AB}.Debug|Any CPU.ActiveCfg = Debug|Any CPU
		{147EE7C9-7D3C-4CE4-8166-B1B9CF6319AB}.Debug|Any CPU.Build.0 = Debug|Any CPU
		{147EE7C9-7D3C-4CE4-8166-B1B9CF6319AB}.Debug|Any CPU.Deploy.0 = Debug|Any CPU
		{147EE7C9-7D3C-4CE4-8166-B1B9CF6319AB}.Release|Any CPU.ActiveCfg = Release|Any CPU
		{147EE7C9-7D3C-4CE4-8166-B1B9CF6319AB}.Release|Any CPU.Build.0 = Release|Any CPU
		{147EE7C9-7D3C-4CE4-8166-B1B9CF6319AB}.Release|Any CPU.Deploy.0 = Release|Any CPU
		{F061E993-33B6-4583-9212-09D106773AC3}.Debug|Any CPU.ActiveCfg = Debug|Any CPU
		{F061E993-33B6-4583-9212-09D106773AC3}.Debug|Any CPU.Build.0 = Debug|Any CPU
		{F061E993-33B6-4583-9212-09D106773AC3}.Release|Any CPU.ActiveCfg = Release|Any CPU
		{F061E993-33B6-4583-9212-09D106773AC3}.Release|Any CPU.Build.0 = Release|Any CPU
	EndGlobalSection
	GlobalSection(SolutionProperties) = preSolution
		HideSolutionNode = FALSE
	EndGlobalSection
	GlobalSection(ExtensibilityGlobals) = postSolution
		SolutionGuid = {39E69FC0-40AA-4F8C-848C-2DC36E9495AD}
	EndGlobalSection
EndGlobal
